
Microsoft Visual Studio Solution File, Format Version 12.00
# Visual Studio 15
VisualStudioVersion = 15.0.28307.168
MinimumVisualStudioVersion = 10.0.40219.1
Project("{FAE04EC0-301F-11D3-BF4B-00C04F79EFBC}") = "traktdeduper", "traktdeduper\traktdeduper.csproj", "{BEB7D048-1221-4A4F-B49D-7258B96DA076}"
EndProject
Project("{2150E333-8FDC-42A3-9474-1A3956D46DE8}") = "Solution Items", "Solution Items", "{CBCAFB8B-B75A-43E8-82A4-9D72CD7DE975}"
	ProjectSection(SolutionItems) = preProject
		Performance1.psess = Performance1.psess
	EndProjectSection
EndProject
Global
	GlobalSection(Performance) = preSolution
		HasPerformanceSessions = true
	EndGlobalSection
	GlobalSection(SolutionConfigurationPlatforms) = preSolution
		Debug|Any CPU = Debug|Any CPU
		Release|Any CPU = Release|Any CPU
	EndGlobalSection
	GlobalSection(ProjectConfigurationPlatforms) = postSolution
		{BEB7D048-1221-4A4F-B49D-7258B96DA076}.Debug|Any CPU.ActiveCfg = Debug|Any CPU
		{BEB7D048-1221-4A4F-B49D-7258B96DA076}.Debug|Any CPU.Build.0 = Debug|Any CPU
		{BEB7D048-1221-4A4F-B49D-7258B96DA076}.Release|Any CPU.ActiveCfg = Release|Any CPU
		{BEB7D048-1221-4A4F-B49D-7258B96DA076}.Release|Any CPU.Build.0 = Release|Any CPU
	EndGlobalSection
	GlobalSection(SolutionProperties) = preSolution
		HideSolutionNode = FALSE
	EndGlobalSection
	GlobalSection(ExtensibilityGlobals) = postSolution
		SolutionGuid = {062E1582-4FAA-45FA-82B0-2CF815033BFA}
	EndGlobalSection
EndGlobal
